// !$*UTF8*$!
{
	archiveVersion = 1;
	classes = {
	};
	objectVersion = 50;
	objects = {

/* Begin PBXBuildFile section */
		1CAB03D026723B950025270B /* SimpleGoceryListApp.swift in Sources */ = {isa = PBXBuildFile; fileRef = 1CAB03CF26723B950025270B /* SimpleGoceryListApp.swift */; };
		1CAB03D226723B950025270B /* ContentView.swift in Sources */ = {isa = PBXBuildFile; fileRef = 1CAB03D126723B950025270B /* ContentView.swift */; };
		1CAB03D426723B960025270B /* Assets.xcassets in Resources */ = {isa = PBXBuildFile; fileRef = 1CAB03D326723B960025270B /* Assets.xcassets */; };
		1CAB03D726723B960025270B /* Preview Assets.xcassets in Resources */ = {isa = PBXBuildFile; fileRef = 1CAB03D626723B960025270B /* Preview Assets.xcassets */; };
		1CAB03D926723B960025270B /* Persistence.swift in Sources */ = {isa = PBXBuildFile; fileRef = 1CAB03D826723B960025270B /* Persistence.swift */; };
		1CAB03DC26723B960025270B /* SimpleGoceryList.xcdatamodeld in Sources */ = {isa = PBXBuildFile; fileRef = 1CAB03DA26723B960025270B /* SimpleGoceryList.xcdatamodeld */; };
/* End PBXBuildFile section */

/* Begin PBXFileReference section */
		1CAB03CC26723B950025270B /* SimpleGoceryList.app */ = {isa = PBXFileReference; explicitFileType = wrapper.application; includeInIndex = 0; path = SimpleGoceryList.app; sourceTree = BUILT_PRODUCTS_DIR; };
		1CAB03CF26723B950025270B /* SimpleGoceryListApp.swift */ = {isa = PBXFileReference; lastKnownFileType = sourcecode.swift; path = SimpleGoceryListApp.swift; sourceTree = "<group>"; };
		1CAB03D126723B950025270B /* ContentView.swift */ = {isa = PBXFileReference; lastKnownFileType = sourcecode.swift; path = ContentView.swift; sourceTree = "<group>"; };
		1CAB03D326723B960025270B /* Assets.xcassets */ = {isa = PBXFileReference; lastKnownFileType = folder.assetcatalog; path = Assets.xcassets; sourceTree = "<group>"; };
		1CAB03D626723B960025270B /* Preview Assets.xcassets */ = {isa = PBXFileReference; lastKnownFileType = folder.assetcatalog; path = "Preview Assets.xcassets"; sourceTree = "<group>"; };
		1CAB03D826723B960025270B /* Persistence.swift */ = {isa = PBXFileReference; lastKnownFileType = sourcecode.swift; path = Persistence.swift; sourceTree = "<group>"; };
		1CAB03DB26723B960025270B /* SimpleGoceryList.xcdatamodel */ = {isa = PBXFileReference; lastKnownFileType = wrapper.xcdatamodel; path = SimpleGoceryList.xcdatamodel; sourceTree = "<group>"; };
		1CAB03DD26723B960025270B /* Info.plist */ = {isa = PBXFileReference; lastKnownFileType = text.plist.xml; path = Info.plist; sourceTree = "<group>"; };
/* End PBXFileReference section */

/* Begin PBXFrameworksBuildPhase section */
		1CAB03C926723B950025270B /* Frameworks */ = {
			isa = PBXFrameworksBuildPhase;
			buildActionMask = 2147483647;
			files = (
			);
			runOnlyForDeploymentPostprocessing = 0;
		};
/* End PBXFrameworksBuildPhase section */

/* Begin PBXGroup section */
		1CAB03C326723B950025270B = {
			isa = PBXGroup;
			children = (
				1CAB03CE26723B950025270B /* SimpleGoceryList */,
				1CAB03CD26723B950025270B /* Products */,
			);
			sourceTree = "<group>";
		};
		1CAB03CD26723B950025270B /* Products */ = {
			isa = PBXGroup;
			children = (
				1CAB03CC26723B950025270B /* SimpleGoceryList.app */,
			);
			name = Products;
			sourceTree = "<group>";
		};
		1CAB03CE26723B950025270B /* SimpleGoceryList */ = {
			isa = PBXGroup;
			children = (
				1CAB03CF26723B950025270B /* SimpleGoceryListApp.swift */,
				1CAB03D126723B950025270B /* ContentView.swift */,
				1CAB03D326723B960025270B /* Assets.xcassets */,
				1CAB03D826723B960025270B /* Persistence.swift */,
				1CAB03DD26723B960025270B /* Info.plist */,
				1CAB03DA26723B960025270B /* SimpleGoceryList.xcdatamodeld */,
				1CAB03D526723B960025270B /* Preview Content */,
			);
			path = SimpleGoceryList;
			sourceTree = "<group>";
		};
		1CAB03D526723B960025270B /* Preview Content */ = {
			isa = PBXGroup;
			children = (
				1CAB03D626723B960025270B /* Preview Assets.xcassets */,
			);
			path = "Preview Content";
			sourceTree = "<group>";
		};
/* End PBXGroup section */

/* Begin PBXNativeTarget section */
		1CAB03CB26723B950025270B /* SimpleGoceryList */ = {
			isa = PBXNativeTarget;
			buildConfigurationList = 1CAB03E026723B960025270B /* Build configuration list for PBXNativeTarget "SimpleGoceryList" */;
			buildPhases = (
				1CAB03C826723B950025270B /* Sources */,
				1CAB03C926723B950025270B /* Frameworks */,
				1CAB03CA26723B950025270B /* Resources */,
			);
			buildRules = (
			);
			dependencies = (
			);
			name = SimpleGoceryList;
			productName = SimpleGoceryList;
			productReference = 1CAB03CC26723B950025270B /* SimpleGoceryList.app */;
			productType = "com.apple.product-type.application";
		};
/* End PBXNativeTarget section */

/* Begin PBXProject section */
		1CAB03C426723B950025270B /* Project object */ = {
			isa = PBXProject;
			attributes = {
				LastSwiftUpdateCheck = 1250;
				LastUpgradeCheck = 1250;
				TargetAttributes = {
					1CAB03CB26723B950025270B = {
						CreatedOnToolsVersion = 12.5;
					};
				};
			};
			buildConfigurationList = 1CAB03C726723B950025270B /* Build configuration list for PBXProject "SimpleGoceryList" */;
			compatibilityVersion = "Xcode 9.3";
			developmentRegion = en;
			hasScannedForEncodings = 0;
			knownRegions = (
				en,
				Base,
			);
			mainGroup = 1CAB03C326723B950025270B;
			productRefGroup = 1CAB03CD26723B950025270B /* Products */;
			projectDirPath = "";
			projectRoot = "";
			targets = (
				1CAB03CB26723B950025270B /* SimpleGoceryList */,
			);
		};
/* End PBXProject section */

/* Begin PBXResourcesBuildPhase section */
		1CAB03CA26723B950025270B /* Resources */ = {
			isa = PBXResourcesBuildPhase;
			buildActionMask = 2147483647;
			files = (
				1CAB03D726723B960025270B /* Preview Assets.xcassets in Resources */,
				1CAB03D426723B960025270B /* Assets.xcassets in Resources */,
			);
			runOnlyForDeploymentPostprocessing = 0;
		};
/* End PBXResourcesBuildPhase section */

/* Begin PBXSourcesBuildPhase section */
		1CAB03C826723B950025270B /* Sources */ = {
			isa = PBXSourcesBuildPhase;
			buildActionMask = 2147483647;
			files = (
				1CAB03DC26723B960025270B /* SimpleGoceryList.xcdatamodeld in Sources */,
				1CAB03D926723B960025270B /* Persistence.swift in Sources */,
				1CAB03D226723B950025270B /* ContentView.swift in Sources */,
				1CAB03D026723B950025270B /* SimpleGoceryListApp.swift in Sources */,
			);
			runOnlyForDeploymentPostprocessing = 0;
		};
/* End PBXSourcesBuildPhase section */

/* Begin XCBuildConfiguration section */
		1CAB03DE26723B960025270B /* Debug */ = {
			isa = XCBuildConfiguration;
			buildSettings = {
				ALWAYS_SEARCH_USER_PATHS = NO;
				CLANG_ANALYZER_NONNULL = YES;
				CLANG_ANALYZER_NUMBER_OBJECT_CONVERSION = YES_AGGRESSIVE;
				CLANG_CXX_LANGUAGE_STANDARD = "gnu++14";
				CLANG_CXX_LIBRARY = "libc++";
				CLANG_ENABLE_MODULES = YES;
				CLANG_ENABLE_OBJC_ARC = YES;
				CLANG_ENABLE_OBJC_WEAK = YES;
				CLANG_WARN_BLOCK_CAPTURE_AUTORELEASING = YES;
				CLANG_WARN_BOOL_CONVERSION = YES;
				CLANG_WARN_COMMA = YES;
				CLANG_WARN_CONSTANT_CONVERSION = YES;
				CLANG_WARN_DEPRECATED_OBJC_IMPLEMENTATIONS = YES;
				CLANG_WARN_DIRECT_OBJC_ISA_USAGE = YES_ERROR;
				CLANG_WARN_DOCUMENTATION_COMMENTS = YES;
				CLANG_WARN_EMPTY_BODY = YES;
				CLANG_WARN_ENUM_CONVERSION = YES;
				CLANG_WARN_INFINITE_RECURSION = YES;
				CLANG_WARN_INT_CONVERSION = YES;
				CLANG_WARN_NON_LITERAL_NULL_CONVERSION = YES;
				CLANG_WARN_OBJC_IMPLICIT_RETAIN_SELF = YES;
				CLANG_WARN_OBJC_LITERAL_CONVERSION = YES;
				CLANG_WARN_OBJC_ROOT_CLASS = YES_ERROR;
				CLANG_WARN_QUOTED_INCLUDE_IN_FRAMEWORK_HEADER = YES;
				CLANG_WARN_RANGE_LOOP_ANALYSIS = YES;
				CLANG_WARN_STRICT_PROTOTYPES = YES;
				CLANG_WARN_SUSPICIOUS_MOVE = YES;
				CLANG_WARN_UNGUARDED_AVAILABILITY = YES_AGGRESSIVE;
				CLANG_WARN_UNREACHABLE_CODE = YES;
				CLANG_WARN__DUPLICATE_METHOD_MATCH = YES;
				COPY_PHASE_STRIP = NO;
				DEBUG_INFORMATION_FORMAT = dwarf;
				ENABLE_STRICT_OBJC_MSGSEND = YES;
				ENABLE_TESTABILITY = YES;
				GCC_C_LANGUAGE_STANDARD = gnu11;
				GCC_DYNAMIC_NO_PIC = NO;
				GCC_NO_COMMON_BLOCKS = YES;
				GCC_OPTIMIZATION_LEVEL = 0;
				GCC_PREPROCESSOR_DEFINITIONS = (
					"DEBUG=1",
					"$(inherited)",
				);
				GCC_WARN_64_TO_32_BIT_CONVERSION = YES;
				GCC_WARN_ABOUT_RETURN_TYPE = YES_ERROR;
				GCC_WARN_UNDECLARED_SELECTOR = YES;
				GCC_WARN_UNINITIALIZED_AUTOS = YES_AGGRESSIVE;
				GCC_WARN_UNUSED_FUNCTION = YES;
				GCC_WARN_UNUSED_VARIABLE = YES;
				IPHONEOS_DEPLOYMENT_TARGET = 14.5;
				MTL_ENABLE_DEBUG_INFO = INCLUDE_SOURCE;
				MTL_FAST_MATH = YES;
				ONLY_ACTIVE_ARCH = YES;
				SDKROOT = iphoneos;
				SWIFT_ACTIVE_COMPILATION_CONDITIONS = DEBUG;
				SWIFT_OPTIMIZATION_LEVEL = "-Onone";
			};
			name = Debug;
		};
		1CAB03DF26723B960025270B /* Release */ = {
			isa = XCBuildConfiguration;
			buildSettings = {
				ALWAYS_SEARCH_USER_PATHS = NO;
				CLANG_ANALYZER_NONNULL = YES;
				CLANG_ANALYZER_NUMBER_OBJECT_CONVERSION = YES_AGGRESSIVE;
				CLANG_CXX_LANGUAGE_STANDARD = "gnu++14";
				CLANG_CXX_LIBRARY = "libc++";
				CLANG_ENABLE_MODULES = YES;
				CLANG_ENABLE_OBJC_ARC = YES;
				CLANG_ENABLE_OBJC_WEAK = YES;
				CLANG_WARN_BLOCK_CAPTURE_AUTORELEASING = YES;
				CLANG_WARN_BOOL_CONVERSION = YES;
				CLANG_WARN_COMMA = YES;
				CLANG_WARN_CONSTANT_CONVERSION = YES;
				CLANG_WARN_DEPRECATED_OBJC_IMPLEMENTATIONS = YES;
				CLANG_WARN_DIRECT_OBJC_ISA_USAGE = YES_ERROR;
				CLANG_WARN_DOCUMENTATION_COMMENTS = YES;
				CLANG_WARN_EMPTY_BODY = YES;
				CLANG_WARN_ENUM_CONVERSION = YES;
				CLANG_WARN_INFINITE_RECURSION = YES;
				CLANG_WARN_INT_CONVERSION = YES;
				CLANG_WARN_NON_LITERAL_NULL_CONVERSION = YES;
				CLANG_WARN_OBJC_IMPLICIT_RETAIN_SELF = YES;
				CLANG_WARN_OBJC_LITERAL_CONVERSION = YES;
				CLANG_WARN_OBJC_ROOT_CLASS = YES_ERROR;
				CLANG_WARN_QUOTED_INCLUDE_IN_FRAMEWORK_HEADER = YES;
				CLANG_WARN_RANGE_LOOP_ANALYSIS = YES;
				CLANG_WARN_STRICT_PROTOTYPES = YES;
				CLANG_WARN_SUSPICIOUS_MOVE = YES;
				CLANG_WARN_UNGUARDED_AVAILABILITY = YES_AGGRESSIVE;
				CLANG_WARN_UNREACHABLE_CODE = YES;
				CLANG_WARN__DUPLICATE_METHOD_MATCH = YES;
				COPY_PHASE_STRIP = NO;
				DEBUG_INFORMATION_FORMAT = "dwarf-with-dsym";
				ENABLE_NS_ASSERTIONS = NO;
				ENABLE_STRICT_OBJC_MSGSEND = YES;
				GCC_C_LANGUAGE_STANDARD = gnu11;
				GCC_NO_COMMON_BLOCKS = YES;
				GCC_WARN_64_TO_32_BIT_CONVERSION = YES;
				GCC_WARN_ABOUT_RETURN_TYPE = YES_ERROR;
				GCC_WARN_UNDECLARED_SELECTOR = YES;
				GCC_WARN_UNINITIALIZED_AUTOS = YES_AGGRESSIVE;
				GCC_WARN_UNUSED_FUNCTION = YES;
				GCC_WARN_UNUSED_VARIABLE = YES;
				IPHONEOS_DEPLOYMENT_TARGET = 14.5;
				MTL_ENABLE_DEBUG_INFO = NO;
				MTL_FAST_MATH = YES;
				SDKROOT = iphoneos;
				SWIFT_COMPILATION_MODE = wholemodule;
				SWIFT_OPTIMIZATION_LEVEL = "-O";
				VALIDATE_PRODUCT = YES;
			};
			name = Release;
		};
		1CAB03E126723B960025270B /* Debug */ = {
			isa = XCBuildConfiguration;
			buildSettings = {
				ASSETCATALOG_COMPILER_APPICON_NAME = AppIcon;
				ASSETCATALOG_COMPILER_GLOBAL_ACCENT_COLOR_NAME = AccentColor;
				CODE_SIGN_STYLE = Automatic;
				DEVELOPMENT_ASSET_PATHS = "\"SimpleGoceryList/Preview Content\"";
				DEVELOPMENT_TEAM = 8ZFLY6KKY9;
				ENABLE_PREVIEWS = YES;
				INFOPLIST_FILE = SimpleGoceryList/Info.plist;
				IPHONEOS_DEPLOYMENT_TARGET = 14.0;
				LD_RUNPATH_SEARCH_PATHS = (
					"$(inherited)",
					"@executable_path/Frameworks",
				);
				PRODUCT_BUNDLE_IDENTIFIER = PaytonSides.SimpleGoceryList;
				PRODUCT_NAME = "$(TARGET_NAME)";
				SWIFT_VERSION = 5.0;
				TARGETED_DEVICE_FAMILY = "1,2";
			};
			name = Debug;
		};
		1CAB03E226723B960025270B /* Release */ = {
			isa = XCBuildConfiguration;
			buildSettings = {
				ASSETCATALOG_COMPILER_APPICON_NAME = AppIcon;
				ASSETCATALOG_COMPILER_GLOBAL_ACCENT_COLOR_NAME = AccentColor;
				CODE_SIGN_STYLE = Automatic;
				DEVELOPMENT_ASSET_PATHS = "\"SimpleGoceryList/Preview Content\"";
				DEVELOPMENT_TEAM = 8ZFLY6KKY9;
				ENABLE_PREVIEWS = YES;
				INFOPLIST_FILE = SimpleGoceryList/Info.plist;
				IPHONEOS_DEPLOYMENT_TARGET = 14.0;
				LD_RUNPATH_SEARCH_PATHS = (
					"$(inherited)",
					"@executable_path/Frameworks",
				);
				PRODUCT_BUNDLE_IDENTIFIER = PaytonSides.SimpleGoceryList;
				PRODUCT_NAME = "$(TARGET_NAME)";
				SWIFT_VERSION = 5.0;
				TARGETED_DEVICE_FAMILY = "1,2";
			};
			name = Release;
		};
/* End XCBuildConfiguration section */

/* Begin XCConfigurationList section */
		1CAB03C726723B950025270B /* Build configuration list for PBXProject "SimpleGoceryList" */ = {
			isa = XCConfigurationList;
			buildConfigurations = (
				1CAB03DE26723B960025270B /* Debug */,
				1CAB03DF26723B960025270B /* Release */,
			);
			defaultConfigurationIsVisible = 0;
			defaultConfigurationName = Release;
		};
		1CAB03E026723B960025270B /* Build configuration list for PBXNativeTarget "SimpleGoceryList" */ = {
			isa = XCConfigurationList;
			buildConfigurations = (
				1CAB03E126723B960025270B /* Debug */,
				1CAB03E226723B960025270B /* Release */,
			);
			defaultConfigurationIsVisible = 0;
			defaultConfigurationName = Release;
		};
/* End XCConfigurationList section */

/* Begin XCVersionGroup section */
		1CAB03DA26723B960025270B /* SimpleGoceryList.xcdatamodeld */ = {
			isa = XCVersionGroup;
			children = (
				1CAB03DB26723B960025270B /* SimpleGoceryList.xcdatamodel */,
			);
			currentVersion = 1CAB03DB26723B960025270B /* SimpleGoceryList.xcdatamodel */;
			path = SimpleGoceryList.xcdatamodeld;
			sourceTree = "<group>";
			versionGroupType = wrapper.xcdatamodel;
		};
/* End XCVersionGroup section */
	};
	rootObject = 1CAB03C426723B950025270B /* Project object */;
}
